<?xml version="1.0" encoding="utf-8"?>
<Project ToolsVersion="4.0" xmlns="http://schemas.microsoft.com/developer/msbuild/2003">
  <ItemGroup>
    <Filter Include="Factolier">
      <UniqueIdentifier>{ed0d7d07-78cc-4c19-8e7e-6b374c5d3a5b}</UniqueIdentifier>
    </Filter>
    <Filter Include="Factolier\Admin">
      <UniqueIdentifier>{ec796f9b-03dd-4fd3-9f32-22c2f5130a81}</UniqueIdentifier>
    </Filter>
    <Filter Include="Factolier\Graphic">
      <UniqueIdentifier>{f4634b9e-1f61-4b12-997f-d4adbccb5d81}</UniqueIdentifier>
    </Filter>
    <Filter Include="Factolier\HLSL">
      <UniqueIdentifier>{63a65fd3-2c9f-4a5f-b0b4-90b821d5e6fc}</UniqueIdentifier>
    </Filter>
    <Filter Include="Factolier\Shader">
      <UniqueIdentifier>{d0151f71-525f-40f2-8a81-0b82e99add78}</UniqueIdentifier>
    </Filter>
    <Filter Include="Factolier\Accessibility">
      <UniqueIdentifier>{23b7c131-552b-4eee-ba5a-0724f9e1792e}</UniqueIdentifier>
    </Filter>
    <Filter Include="Factolier\Entity">
      <UniqueIdentifier>{a592c030-6bee-4c95-9472-2e1abebebe26}</UniqueIdentifier>
    </Filter>
    <Filter Include="External">
      <UniqueIdentifier>{f45c9c64-2e8d-4737-86a0-ebb90460d1f1}</UniqueIdentifier>
    </Filter>
    <Filter Include="External\imgui">
      <UniqueIdentifier>{8e1d1e73-b764-46e6-af52-20289fe51e1b}</UniqueIdentifier>
    </Filter>
    <Filter Include="Factolier\Entity\Status">
      <UniqueIdentifier>{b72e2036-5fde-4b9f-a5fc-ea81b4d4c92f}</UniqueIdentifier>
    </Filter>
    <Filter Include="Factolier\Utility">
      <UniqueIdentifier>{fc4500fd-d3a7-4723-83fa-75f3cca7b6d1}</UniqueIdentifier>
    </Filter>
    <Filter Include="Factolier\Entity\Sphere_Vehicle">
      <UniqueIdentifier>{148b249c-31dd-4105-ae57-817e48ba8e35}</UniqueIdentifier>
    </Filter>
    <Filter Include="Factolier\HLSL\Post_Effect">
      <UniqueIdentifier>{56ea5174-eea2-44d0-9c36-b8e6ec540414}</UniqueIdentifier>
    </Filter>
    <Filter Include="Factolier\HLSL\Group">
      <UniqueIdentifier>{b6e27df9-1a79-465f-9dcb-aaca69e57518}</UniqueIdentifier>
    </Filter>
    <Filter Include="Factolier\Entity\Enemy">
      <UniqueIdentifier>{aa101253-e43b-4d59-8f49-aa948588d48c}</UniqueIdentifier>
    </Filter>
    <Filter Include="Factolier\Entity\Manager">
      <UniqueIdentifier>{eb2634bf-d7ca-4ba6-8a01-b0080c1adfa9}</UniqueIdentifier>
    </Filter>
    <Filter Include="Factolier\Stage">
      <UniqueIdentifier>{82948afa-ee6c-4c6c-8747-693ce9856657}</UniqueIdentifier>
    </Filter>
    <Filter Include="Factolier\Stage\stage_1">
      <UniqueIdentifier>{d4cd678f-ea04-4b30-a28f-771dfc1ff63c}</UniqueIdentifier>
    </Filter>
    <Filter Include="Factolier\Stage\stage_2">
      <UniqueIdentifier>{3d91e0d0-643e-4e5b-8f21-d9f37234f60c}</UniqueIdentifier>
    </Filter>
    <Filter Include="Factolier\Scene">
      <UniqueIdentifier>{c607bb3a-e8a1-4979-ba08-e5bdc1c84f5d}</UniqueIdentifier>
    </Filter>
  </ItemGroup>
  <ItemGroup>
    <ClCompile Include="Factolier\Code\scene_manager.cpp">
      <Filter>Factolier\Scene</Filter>
    </ClCompile>
    <ClCompile Include="Factolier\Code\scene_loading.cpp">
      <Filter>Factolier\Scene</Filter>
    </ClCompile>
    <ClCompile Include="Factolier\Code\framework.cpp">
      <Filter>Factolier\Admin</Filter>
    </ClCompile>
    <ClCompile Include="Factolier\Code\model.cpp">
      <Filter>Factolier\Graphic</Filter>
    </ClCompile>
    <ClCompile Include="Factolier\Code\sprite.cpp">
      <Filter>Factolier\Graphic</Filter>
    </ClCompile>
    <ClCompile Include="Factolier\Code\sprite_batch.cpp">
      <Filter>Factolier\Graphic</Filter>
    </ClCompile>
    <ClCompile Include="Factolier\Code\texture.cpp">
      <Filter>Factolier\Graphic</Filter>
    </ClCompile>
    <ClCompile Include="Factolier\Code\static_mesh.cpp">
      <Filter>Factolier\Graphic</Filter>
    </ClCompile>
    <ClCompile Include="Factolier\Code\shader.cpp">
      <Filter>Factolier\Shader</Filter>
    </ClCompile>
    <ClCompile Include="Factolier\Code\skinned_shader.cpp">
      <Filter>Factolier\Shader</Filter>
    </ClCompile>
    <ClCompile Include="Factolier\Code\main.cpp">
      <Filter>Factolier\Admin</Filter>
    </ClCompile>
    <ClCompile Include="Factolier\Code\input_manager.cpp">
      <Filter>Factolier\Accessibility</Filter>
    </ClCompile>
    <ClCompile Include="Factolier\Code\sound_manager.cpp">
      <Filter>Factolier\Accessibility</Filter>
    </ClCompile>
    <ClCompile Include="Factolier\Code\state_manager.cpp">
      <Filter>Factolier\Accessibility</Filter>
    </ClCompile>
    <ClCompile Include="Factolier\Code\camera.cpp">
      <Filter>Factolier\Accessibility</Filter>
    </ClCompile>
    <ClCompile Include="Factolier\Code\camera_controller.cpp">
      <Filter>Factolier\Accessibility</Filter>
    </ClCompile>
    <ClCompile Include="Factolier\Code\geometric_primitive.cpp">
      <Filter>Factolier\Graphic</Filter>
    </ClCompile>
    <ClCompile Include="Factolier\Code\scene_title.cpp">
      <Filter>Factolier\Scene</Filter>
    </ClCompile>
    <ClCompile Include="Factolier\Code\model_manager.cpp">
      <Filter>Factolier\Accessibility</Filter>
    </ClCompile>
    <ClCompile Include="Factolier\Code\sky_box.cpp">
      <Filter>Factolier\Graphic</Filter>
    </ClCompile>
    <ClCompile Include="External\imgui\imgui.cpp">
      <Filter>External\imgui</Filter>
    </ClCompile>
    <ClCompile Include="External\imgui\imgui_draw.cpp">
      <Filter>External\imgui</Filter>
    </ClCompile>
    <ClCompile Include="External\imgui\imgui_impl_dx11.cpp">
      <Filter>External\imgui</Filter>
    </ClCompile>
    <ClCompile Include="External\imgui\imgui_impl_win32.cpp">
      <Filter>External\imgui</Filter>
    </ClCompile>
    <ClCompile Include="External\imgui\imgui_ja_gryph_ranges.cpp">
      <Filter>External\imgui</Filter>
    </ClCompile>
    <ClCompile Include="External\imgui\imgui_widgets.cpp">
      <Filter>External\imgui</Filter>
    </ClCompile>
    <ClCompile Include="Factolier\Code\sky_shader.cpp">
      <Filter>Factolier\Shader</Filter>
    </ClCompile>
    <ClCompile Include="Factolier\Code\entity.cpp">
      <Filter>Factolier\Entity</Filter>
    </ClCompile>
    <ClCompile Include="Factolier\Code\player.cpp">
      <Filter>Factolier\Entity</Filter>
    </ClCompile>
    <ClCompile Include="Factolier\Code\ocean_shader.cpp">
      <Filter>Factolier\Shader</Filter>
    </ClCompile>
    <ClCompile Include="Factolier\Code\sphere_vehicle.cpp">
      <Filter>Factolier\Entity\Sphere_Vehicle</Filter>
    </ClCompile>
    <ClCompile Include="Factolier\Code\sv_ball.cpp">
      <Filter>Factolier\Entity\Sphere_Vehicle</Filter>
    </ClCompile>
    <ClCompile Include="Factolier\Code\phong_shader.cpp">
      <Filter>Factolier\Shader</Filter>
    </ClCompile>
    <ClCompile Include="Factolier\Code\shader_manager.cpp">
      <Filter>Factolier\Accessibility</Filter>
    </ClCompile>
    <ClCompile Include="Factolier\Code\model_resource.cpp">
      <Filter>Factolier\Graphic</Filter>
    </ClCompile>
    <ClCompile Include="Factolier\Code\enemy.cpp">
      <Filter>Factolier\Entity\Enemy</Filter>
    </ClCompile>
    <ClCompile Include="Factolier\Code\scene_game.cpp">
      <Filter>Factolier\Scene</Filter>
    </ClCompile>
    <ClCompile Include="Factolier\Code\entity_manager.cpp">
      <Filter>Factolier\Entity\Manager</Filter>
    </ClCompile>
    <ClCompile Include="Factolier\Code\enemy_spawner.cpp">
      <Filter>Factolier\Entity\Manager</Filter>
    </ClCompile>
    <ClCompile Include="Factolier\Code\shadow_map.cpp">
      <Filter>Factolier\Shader</Filter>
    </ClCompile>
    <ClCompile Include="Factolier\Code\enemy_none.cpp">
      <Filter>Factolier\Entity\Enemy</Filter>
    </ClCompile>
    <ClCompile Include="Factolier\Code\stage_manager.cpp">
      <Filter>Factolier\Stage</Filter>
    </ClCompile>
    <ClCompile Include="Factolier\Code\light_manager.cpp">
      <Filter>Factolier\Accessibility</Filter>
    </ClCompile>
    <ClCompile Include="Factolier\Code\stage.cpp">
      <Filter>Factolier\Stage</Filter>
    </ClCompile>
    <ClCompile Include="Factolier\Code\stage_1.cpp">
      <Filter>Factolier\Stage\stage_1</Filter>
    </ClCompile>
    <ClCompile Include="Factolier\Code\stage_2.cpp">
      <Filter>Factolier\Stage\stage_2</Filter>
    </ClCompile>
    <ClCompile Include="Factolier\Code\stage_1_movement.cpp">
      <Filter>Factolier\Stage\stage_1</Filter>
    </ClCompile>
    <ClCompile Include="Factolier\Code\collision_manager.cpp">
      <Filter>Factolier\Entity\Manager</Filter>
    </ClCompile>
    <ClCompile Include="Factolier\Code\sphere_status.cpp">
      <Filter>Factolier\Entity\Status</Filter>
    </ClCompile>
    <ClCompile Include="Factolier\Code\enemy_move_closer.cpp">
      <Filter>Factolier\Entity\Enemy</Filter>
    </ClCompile>
    <ClCompile Include="Factolier\Code\easing.cpp">
      <Filter>Factolier\Utility</Filter>
    </ClCompile>
    <ClCompile Include="Factolier\Code\timer.cpp">
      <Filter>Factolier\Utility</Filter>
    </ClCompile>
    <ClCompile Include="Factolier\Code\effect.cpp">
      <Filter>Factolier\Accessibility</Filter>
    </ClCompile>
    <ClCompile Include="Factolier\Code\effect_manager.cpp">
      <Filter>Factolier\Accessibility</Filter>
    </ClCompile>
  </ItemGroup>
  <ItemGroup>
    <ClInclude Include="Factolier\Code\scene.h">
      <Filter>Factolier\Scene</Filter>
    </ClInclude>
    <ClInclude Include="Factolier\Code\scene_manager.h">
      <Filter>Factolier\Scene</Filter>
    </ClInclude>
    <ClInclude Include="Factolier\Code\scene_loading.h">
      <Filter>Factolier\Scene</Filter>
    </ClInclude>
    <ClInclude Include="Factolier\Code\framework.h">
      <Filter>Factolier\Admin</Filter>
    </ClInclude>
    <ClInclude Include="Factolier\Code\high_resolution_timer.h">
      <Filter>Factolier\Admin</Filter>
    </ClInclude>
    <ClInclude Include="Factolier\Code\misc.h">
      <Filter>Factolier\Admin</Filter>
    </ClInclude>
    <ClInclude Include="Factolier\Code\model.h">
      <Filter>Factolier\Graphic</Filter>
    </ClInclude>
    <ClInclude Include="Factolier\Code\sprite.h">
      <Filter>Factolier\Graphic</Filter>
    </ClInclude>
    <ClInclude Include="Factolier\Code\sprite_batch.h">
      <Filter>Factolier\Graphic</Filter>
    </ClInclude>
    <ClInclude Include="Factolier\Code\static_mesh.h">
      <Filter>Factolier\Graphic</Filter>
    </ClInclude>
    <ClInclude Include="Factolier\Code\shader.h">
      <Filter>Factolier\Shader</Filter>
    </ClInclude>
    <ClInclude Include="Factolier\Code\skinned_shader.h">
      <Filter>Factolier\Shader</Filter>
    </ClInclude>
    <ClInclude Include="Factolier\Code\input_manager.h">
      <Filter>Factolier\Accessibility</Filter>
    </ClInclude>
    <ClInclude Include="Factolier\Code\sound.h">
      <Filter>Factolier\Accessibility</Filter>
    </ClInclude>
    <ClInclude Include="Factolier\Code\sound_manager.h">
      <Filter>Factolier\Accessibility</Filter>
    </ClInclude>
    <ClInclude Include="Factolier\Code\state_manager.h">
      <Filter>Factolier\Accessibility</Filter>
    </ClInclude>
    <ClInclude Include="Factolier\Code\camera.h">
      <Filter>Factolier\Accessibility</Filter>
    </ClInclude>
    <ClInclude Include="Factolier\Code\camera_controller.h">
      <Filter>Factolier\Accessibility</Filter>
    </ClInclude>
    <ClInclude Include="Factolier\Code\geometric_primitive.h">
      <Filter>Factolier\Graphic</Filter>
    </ClInclude>
    <ClInclude Include="Factolier\Code\scene_title.h">
      <Filter>Factolier\Scene</Filter>
    </ClInclude>
    <ClInclude Include="Factolier\Code\model_manager.h">
      <Filter>Factolier\Accessibility</Filter>
    </ClInclude>
    <ClInclude Include="Factolier\Code\sky_box.h">
      <Filter>Factolier\Graphic</Filter>
    </ClInclude>
    <ClInclude Include="External\imgui\imgui.h">
      <Filter>External\imgui</Filter>
    </ClInclude>
    <ClInclude Include="External\imgui\imgui_impl_dx11.h">
      <Filter>External\imgui</Filter>
    </ClInclude>
    <ClInclude Include="External\imgui\imgui_impl_win32.h">
      <Filter>External\imgui</Filter>
    </ClInclude>
    <ClInclude Include="External\imgui\imgui_internal.h">
      <Filter>External\imgui</Filter>
    </ClInclude>
    <ClInclude Include="External\imgui\imstb_rectpack.h">
      <Filter>External\imgui</Filter>
    </ClInclude>
    <ClInclude Include="External\imgui\imstb_textedit.h">
      <Filter>External\imgui</Filter>
    </ClInclude>
    <ClInclude Include="External\imgui\imstb_truetype.h">
      <Filter>External\imgui</Filter>
    </ClInclude>
    <ClInclude Include="External\imgui\imconfig.h">
      <Filter>External\imgui</Filter>
    </ClInclude>
    <ClInclude Include="Factolier\Code\sky_shader.h">
      <Filter>Factolier\Shader</Filter>
    </ClInclude>
    <ClInclude Include="Factolier\Code\texture.h">
      <Filter>Factolier\Graphic</Filter>
    </ClInclude>
    <ClInclude Include="Factolier\Code\position.h">
      <Filter>Factolier\Entity\Status</Filter>
    </ClInclude>
    <ClInclude Include="Factolier\Code\rotate.h">
      <Filter>Factolier\Entity\Status</Filter>
    </ClInclude>
    <ClInclude Include="Factolier\Code\scale.h">
      <Filter>Factolier\Entity\Status</Filter>
    </ClInclude>
    <ClInclude Include="Factolier\Code\transform.h">
      <Filter>Factolier\Entity\Status</Filter>
    </ClInclude>
    <ClInclude Include="Factolier\Code\math_xmfloat.h">
      <Filter>Factolier\Utility</Filter>
    </ClInclude>
    <ClInclude Include="Factolier\Code\entity.h">
      <Filter>Factolier\Entity</Filter>
    </ClInclude>
    <ClInclude Include="Factolier\Code\player.h">
      <Filter>Factolier\Entity</Filter>
    </ClInclude>
    <ClInclude Include="Factolier\Code\velocity.h">
      <Filter>Factolier\Entity\Status</Filter>
    </ClInclude>
    <ClInclude Include="Factolier\Code\ocean_shader.h">
      <Filter>Factolier\Shader</Filter>
    </ClInclude>
    <ClInclude Include="Factolier\Code\sphere_vehicle.h">
      <Filter>Factolier\Entity\Sphere_Vehicle</Filter>
    </ClInclude>
    <ClInclude Include="Factolier\Code\sv_ball.h">
      <Filter>Factolier\Entity\Sphere_Vehicle</Filter>
    </ClInclude>
    <ClInclude Include="Factolier\Code\phong_shader.h">
      <Filter>Factolier\Shader</Filter>
    </ClInclude>
    <ClInclude Include="Factolier\Code\utility.h">
      <Filter>Factolier\Utility</Filter>
    </ClInclude>
    <ClInclude Include="Factolier\Code\shader_manager.h">
      <Filter>Factolier\Accessibility</Filter>
    </ClInclude>
    <ClInclude Include="Factolier\Code\model_resource.h">
      <Filter>Factolier\Graphic</Filter>
    </ClInclude>
    <ClInclude Include="Factolier\Code\enemy.h">
      <Filter>Factolier\Entity\Enemy</Filter>
    </ClInclude>
    <ClInclude Include="Factolier\Code\ability.h">
      <Filter>Factolier\Entity\Status</Filter>
    </ClInclude>
    <ClInclude Include="Factolier\Code\scene_game.h">
      <Filter>Factolier\Scene</Filter>
    </ClInclude>
    <ClInclude Include="Factolier\Code\entity_manager.h">
      <Filter>Factolier\Entity\Manager</Filter>
    </ClInclude>
    <ClInclude Include="Factolier\Code\enemy_spawner.h">
      <Filter>Factolier\Entity\Manager</Filter>
    </ClInclude>
    <ClInclude Include="Factolier\Code\shadow_map.h">
      <Filter>Factolier\Shader</Filter>
    </ClInclude>
    <ClInclude Include="Factolier\Code\enemy_none.h">
      <Filter>Factolier\Entity\Enemy</Filter>
    </ClInclude>
    <ClInclude Include="Factolier\Code\stage.h">
      <Filter>Factolier\Stage</Filter>
    </ClInclude>
    <ClInclude Include="Factolier\Code\stage_manager.h">
      <Filter>Factolier\Stage</Filter>
    </ClInclude>
    <ClInclude Include="Factolier\Code\light_manager.h">
      <Filter>Factolier\Accessibility</Filter>
    </ClInclude>
    <ClInclude Include="Factolier\Code\light.h">
      <Filter>Factolier\Accessibility</Filter>
    </ClInclude>
    <ClInclude Include="Factolier\Code\collision.h">
      <Filter>Factolier\Accessibility</Filter>
    </ClInclude>
    <ClInclude Include="Factolier\Code\stage_1.h">
      <Filter>Factolier\Stage\stage_1</Filter>
    </ClInclude>
    <ClInclude Include="Factolier\Code\stage_2.h">
      <Filter>Factolier\Stage\stage_2</Filter>
    </ClInclude>
    <ClInclude Include="Factolier\Code\stage_1_movement.h">
      <Filter>Factolier\Stage\stage_1</Filter>
    </ClInclude>
    <ClInclude Include="Factolier\Code\collision_manager.h">
      <Filter>Factolier\Entity\Manager</Filter>
    </ClInclude>
    <ClInclude Include="Factolier\Code\sphere_status.h">
      <Filter>Factolier\Entity\Status</Filter>
    </ClInclude>
    <ClInclude Include="Factolier\Code\digits.h">
      <Filter>Factolier\Utility</Filter>
    </ClInclude>
    <ClInclude Include="Factolier\Code\enemy_move_closer.h">
      <Filter>Factolier\Entity\Enemy</Filter>
    </ClInclude>
    <ClInclude Include="Factolier\Code\easing.h">
      <Filter>Factolier\Utility</Filter>
    </ClInclude>
    <ClInclude Include="Factolier\Code\timer.h">
      <Filter>Factolier\Utility</Filter>
    </ClInclude>
    <ClInclude Include="Factolier\Code\effect.h">
      <Filter>Factolier\Accessibility</Filter>
    </ClInclude>
    <ClInclude Include="Factolier\Code\effect_manager.h">
      <Filter>Factolier\Accessibility</Filter>
    </ClInclude>
  </ItemGroup>
  <ItemGroup>
    <FxCompile Include="Factolier\Shader\skinned_mesh_ps.hlsl">
      <Filter>Factolier\HLSL</Filter>
    </FxCompile>
    <FxCompile Include="Factolier\Shader\pbr_ps.hlsl">
      <Filter>Factolier\HLSL</Filter>
    </FxCompile>
    <FxCompile Include="Factolier\Shader\default_vs.hlsl">
      <Filter>Factolier\HLSL</Filter>
    </FxCompile>
    <FxCompile Include="Factolier\Shader\phong_ps.hlsl">
      <Filter>Factolier\HLSL</Filter>
    </FxCompile>
    <FxCompile Include="Factolier\Shader\blur_ps.hlsl">
      <Filter>Factolier\HLSL\Post_Effect</Filter>
    </FxCompile>
    <FxCompile Include="Factolier\Shader\fullscreen_quad_ps.hlsl">
      <Filter>Factolier\HLSL\Post_Effect</Filter>
    </FxCompile>
    <FxCompile Include="Factolier\Shader\fullscreen_quad_vs.hlsl">
      <Filter>Factolier\HLSL\Post_Effect</Filter>
    </FxCompile>
    <FxCompile Include="Factolier\Shader\luminance_extraction_ps.hlsl">
      <Filter>Factolier\HLSL\Post_Effect</Filter>
    </FxCompile>
    <FxCompile Include="Factolier\Shader\ocean_ps.hlsl">
      <Filter>Factolier\HLSL\Group</Filter>
    </FxCompile>
    <FxCompile Include="Factolier\Shader\ocean_vs.hlsl">
      <Filter>Factolier\HLSL\Group</Filter>
    </FxCompile>
    <FxCompile Include="Factolier\Shader\sky_box_ps.hlsl">
      <Filter>Factolier\HLSL\Group</Filter>
    </FxCompile>
    <FxCompile Include="Factolier\Shader\sky_box_vs.hlsl">
      <Filter>Factolier\HLSL\Group</Filter>
    </FxCompile>
    <FxCompile Include="Factolier\Shader\sprite_ps.hlsl">
      <Filter>Factolier\HLSL\Group</Filter>
    </FxCompile>
    <FxCompile Include="Factolier\Shader\sprite_vs.hlsl">
      <Filter>Factolier\HLSL\Group</Filter>
    </FxCompile>
    <FxCompile Include="Factolier\Shader\geometric_primitive_ps.hlsl">
      <Filter>Factolier\HLSL\Group</Filter>
    </FxCompile>
    <FxCompile Include="Factolier\Shader\geometric_primitive_vs.hlsl">
      <Filter>Factolier\HLSL\Group</Filter>
    </FxCompile>
    <FxCompile Include="Factolier\Shader\static_mesh_ps.hlsl">
      <Filter>Factolier\HLSL\Group</Filter>
    </FxCompile>
    <FxCompile Include="Factolier\Shader\static_mesh_vs.hlsl">
      <Filter>Factolier\HLSL\Group</Filter>
    </FxCompile>
    <FxCompile Include="Factolier\Shader\shadow_map_vs.hlsl">
      <Filter>Factolier\HLSL</Filter>
    </FxCompile>
  </ItemGroup>
  <ItemGroup>
    <None Include="Factolier\Shader\shading_function.hlsli">
      <Filter>Factolier\HLSL</Filter>
    </None>
    <None Include="Factolier\Shader\default.hlsli">
      <Filter>Factolier\HLSL</Filter>
    </None>
    <None Include="Factolier\Shader\fullscreen_quad.hlsli">
      <Filter>Factolier\HLSL\Post_Effect</Filter>
    </None>
    <None Include="Factolier\Shader\ocean.hlsli">
      <Filter>Factolier\HLSL\Group</Filter>
    </None>
    <None Include="Factolier\Shader\sky_box.hlsli">
      <Filter>Factolier\HLSL\Group</Filter>
    </None>
    <None Include="Factolier\Shader\sprite.hlsli">
      <Filter>Factolier\HLSL\Group</Filter>
    </None>
    <None Include="Factolier\Shader\geometric_primitive.hlsli">
      <Filter>Factolier\HLSL\Group</Filter>
    </None>
    <None Include="Factolier\Shader\static_mesh.hlsli">
      <Filter>Factolier\HLSL\Group</Filter>
    </None>
  </ItemGroup>
</Project>