<?xml version="1.0" encoding="utf-8"?>
<Project ToolsVersion="4.0" xmlns="http://schemas.microsoft.com/developer/msbuild/2003">
  <ItemGroup>
    <Filter Include="Factolier">
      <UniqueIdentifier>{ed0d7d07-78cc-4c19-8e7e-6b374c5d3a5b}</UniqueIdentifier>
    </Filter>
    <Filter Include="Factolier\Admin">
      <UniqueIdentifier>{ec796f9b-03dd-4fd3-9f32-22c2f5130a81}</UniqueIdentifier>
    </Filter>
    <Filter Include="Factolier\Graphic">
      <UniqueIdentifier>{f4634b9e-1f61-4b12-997f-d4adbccb5d81}</UniqueIdentifier>
    </Filter>
    <Filter Include="Factolier\HLSL">
      <UniqueIdentifier>{63a65fd3-2c9f-4a5f-b0b4-90b821d5e6fc}</UniqueIdentifier>
    </Filter>
    <Filter Include="Factolier\Shader">
      <UniqueIdentifier>{d0151f71-525f-40f2-8a81-0b82e99add78}</UniqueIdentifier>
    </Filter>
    <Filter Include="Factolier\Accessibility">
      <UniqueIdentifier>{23b7c131-552b-4eee-ba5a-0724f9e1792e}</UniqueIdentifier>
    </Filter>
    <Filter Include="Factolier\Entity">
      <UniqueIdentifier>{a592c030-6bee-4c95-9472-2e1abebebe26}</UniqueIdentifier>
    </Filter>
    <Filter Include="External">
      <UniqueIdentifier>{f45c9c64-2e8d-4737-86a0-ebb90460d1f1}</UniqueIdentifier>
    </Filter>
    <Filter Include="External\imgui">
      <UniqueIdentifier>{8e1d1e73-b764-46e6-af52-20289fe51e1b}</UniqueIdentifier>
    </Filter>
    <Filter Include="Factolier\Entity\Status">
      <UniqueIdentifier>{b72e2036-5fde-4b9f-a5fc-ea81b4d4c92f}</UniqueIdentifier>
    </Filter>
    <Filter Include="Factolier\Utility">
      <UniqueIdentifier>{fc4500fd-d3a7-4723-83fa-75f3cca7b6d1}</UniqueIdentifier>
    </Filter>
    <Filter Include="Factolier\Entity\Sphere_Vehicle">
      <UniqueIdentifier>{148b249c-31dd-4105-ae57-817e48ba8e35}</UniqueIdentifier>
    </Filter>
    <Filter Include="Factolier\HLSL\Post_Effect">
      <UniqueIdentifier>{56ea5174-eea2-44d0-9c36-b8e6ec540414}</UniqueIdentifier>
    </Filter>
    <Filter Include="Factolier\HLSL\Group">
      <UniqueIdentifier>{b6e27df9-1a79-465f-9dcb-aaca69e57518}</UniqueIdentifier>
    </Filter>
    <Filter Include="Factolier\Entity\Enemy">
      <UniqueIdentifier>{aa101253-e43b-4d59-8f49-aa948588d48c}</UniqueIdentifier>
    </Filter>
    <Filter Include="Factolier\Entity\Manager">
      <UniqueIdentifier>{eb2634bf-d7ca-4ba6-8a01-b0080c1adfa9}</UniqueIdentifier>
    </Filter>
    <Filter Include="Factolier\Stage">
      <UniqueIdentifier>{82948afa-ee6c-4c6c-8747-693ce9856657}</UniqueIdentifier>
    </Filter>
    <Filter Include="Factolier\Stage\stage_1">
      <UniqueIdentifier>{d4cd678f-ea04-4b30-a28f-771dfc1ff63c}</UniqueIdentifier>
    </Filter>
    <Filter Include="Factolier\Stage\stage_2">
      <UniqueIdentifier>{3d91e0d0-643e-4e5b-8f21-d9f37234f60c}</UniqueIdentifier>
    </Filter>
    <Filter Include="Factolier\Scene">
      <UniqueIdentifier>{c607bb3a-e8a1-4979-ba08-e5bdc1c84f5d}</UniqueIdentifier>
    </Filter>
    <Filter Include="Factolier\Entity\Enemy\Move_Phase">
      <UniqueIdentifier>{9cd93a42-3872-4586-86a3-b4ddb4603bed}</UniqueIdentifier>
    </Filter>
    <Filter Include="Factolier\Entity\Enemy\Moves">
      <UniqueIdentifier>{e33deea6-0136-4295-87bc-99d98c1ce6f4}</UniqueIdentifier>
    </Filter>
    <Filter Include="Factolier\Accessibility\Camera">
      <UniqueIdentifier>{410a97e7-a7d1-4106-819c-362c8ebe588e}</UniqueIdentifier>
    </Filter>
    <Filter Include="Factolier\Accessibility\Effect">
      <UniqueIdentifier>{be8241ec-bba6-46aa-ad7f-bd4b15614991}</UniqueIdentifier>
    </Filter>
    <Filter Include="Factolier\Accessibility\Input">
      <UniqueIdentifier>{7b0385ce-d4db-4882-a083-fe8017d1b78b}</UniqueIdentifier>
    </Filter>
    <Filter Include="Factolier\Accessibility\Light">
      <UniqueIdentifier>{adfb0405-4dd5-440b-a16c-fda56c080581}</UniqueIdentifier>
    </Filter>
    <Filter Include="Factolier\Accessibility\Sound">
      <UniqueIdentifier>{ceda3728-4cc1-4f6a-abbf-b2d05bc917ad}</UniqueIdentifier>
    </Filter>
    <Filter Include="Factolier\Accessibility\Model">
      <UniqueIdentifier>{93ea55e6-6835-475a-add5-b1b72bdf9e02}</UniqueIdentifier>
    </Filter>
    <Filter Include="Factolier\Accessibility\Scene">
      <UniqueIdentifier>{28d24e43-bcd0-48cc-90f4-d8af64643a86}</UniqueIdentifier>
    </Filter>
    <Filter Include="Factolier\Accessibility\Shader">
      <UniqueIdentifier>{634e6fd7-2fd3-4cee-b200-1471d11860d8}</UniqueIdentifier>
    </Filter>
    <Filter Include="Factolier\Accessibility\State">
      <UniqueIdentifier>{67181f3c-6b5c-4ec2-b726-b56d10f62945}</UniqueIdentifier>
    </Filter>
    <Filter Include="Factolier\Accessibility\Collision">
      <UniqueIdentifier>{d4483b81-0fd4-47cb-933d-93eafba0841b}</UniqueIdentifier>
    </Filter>
    <Filter Include="Factolier\Stage\Decorator">
      <UniqueIdentifier>{6aa6e834-a624-49f8-95ee-4a7d722d77c3}</UniqueIdentifier>
    </Filter>
    <Filter Include="Factolier\Entity\Enemy\Eneies">
      <UniqueIdentifier>{e87564f8-2baf-472c-8aa1-5db8442e06c3}</UniqueIdentifier>
    </Filter>
    <Filter Include="Factolier\Entity\Enemy\test">
      <UniqueIdentifier>{540a3463-536b-4a1b-bd9d-adbdf815108e}</UniqueIdentifier>
    </Filter>
    <Filter Include="Factolier\Entity\Enemy\Eneies\Weak">
      <UniqueIdentifier>{94e996a2-604b-4e1d-9595-89c36bcbb2da}</UniqueIdentifier>
    </Filter>
    <Filter Include="Factolier\Entity\Enemy\Eneies\Boss">
      <UniqueIdentifier>{70bee231-49cb-4723-81cb-5c8e1ef4da70}</UniqueIdentifier>
    </Filter>
    <Filter Include="Factolier\GameSystem">
      <UniqueIdentifier>{369035e9-3a32-42cc-b4f1-825bda2b3719}</UniqueIdentifier>
    </Filter>
    <Filter Include="Factolier\Stage\stage_3">
      <UniqueIdentifier>{a78005ad-fb85-4ee6-a7ba-8ff1ebfacb0d}</UniqueIdentifier>
    </Filter>
    <Filter Include="Factolier\Stage\stage_4">
      <UniqueIdentifier>{eb5d2b97-8298-49d8-bd8d-9e385f9fd687}</UniqueIdentifier>
    </Filter>
    <Filter Include="Factolier\Stage\stage_boss">
      <UniqueIdentifier>{4bd64e5c-c65f-4a0c-8e21-f98e1fc4241b}</UniqueIdentifier>
    </Filter>
  </ItemGroup>
  <ItemGroup>
    <ClCompile Include="Factolier\Code\scene_loading.cpp">
      <Filter>Factolier\Scene</Filter>
    </ClCompile>
    <ClCompile Include="Factolier\Code\framework.cpp">
      <Filter>Factolier\Admin</Filter>
    </ClCompile>
    <ClCompile Include="Factolier\Code\sprite.cpp">
      <Filter>Factolier\Graphic</Filter>
    </ClCompile>
    <ClCompile Include="Factolier\Code\sprite_batch.cpp">
      <Filter>Factolier\Graphic</Filter>
    </ClCompile>
    <ClCompile Include="Factolier\Code\texture.cpp">
      <Filter>Factolier\Graphic</Filter>
    </ClCompile>
    <ClCompile Include="Factolier\Code\static_mesh.cpp">
      <Filter>Factolier\Graphic</Filter>
    </ClCompile>
    <ClCompile Include="Factolier\Code\skinned_shader.cpp">
      <Filter>Factolier\Shader</Filter>
    </ClCompile>
    <ClCompile Include="Factolier\Code\main.cpp">
      <Filter>Factolier\Admin</Filter>
    </ClCompile>
    <ClCompile Include="Factolier\Code\geometric_primitive.cpp">
      <Filter>Factolier\Graphic</Filter>
    </ClCompile>
    <ClCompile Include="Factolier\Code\scene_title.cpp">
      <Filter>Factolier\Scene</Filter>
    </ClCompile>
    <ClCompile Include="Factolier\Code\sky_box.cpp">
      <Filter>Factolier\Graphic</Filter>
    </ClCompile>
    <ClCompile Include="External\imgui\imgui.cpp">
      <Filter>External\imgui</Filter>
    </ClCompile>
    <ClCompile Include="External\imgui\imgui_draw.cpp">
      <Filter>External\imgui</Filter>
    </ClCompile>
    <ClCompile Include="External\imgui\imgui_impl_dx11.cpp">
      <Filter>External\imgui</Filter>
    </ClCompile>
    <ClCompile Include="External\imgui\imgui_impl_win32.cpp">
      <Filter>External\imgui</Filter>
    </ClCompile>
    <ClCompile Include="External\imgui\imgui_ja_gryph_ranges.cpp">
      <Filter>External\imgui</Filter>
    </ClCompile>
    <ClCompile Include="External\imgui\imgui_widgets.cpp">
      <Filter>External\imgui</Filter>
    </ClCompile>
    <ClCompile Include="Factolier\Code\sky_shader.cpp">
      <Filter>Factolier\Shader</Filter>
    </ClCompile>
    <ClCompile Include="Factolier\Code\entity.cpp">
      <Filter>Factolier\Entity</Filter>
    </ClCompile>
    <ClCompile Include="Factolier\Code\player.cpp">
      <Filter>Factolier\Entity</Filter>
    </ClCompile>
    <ClCompile Include="Factolier\Code\ocean_shader.cpp">
      <Filter>Factolier\Shader</Filter>
    </ClCompile>
    <ClCompile Include="Factolier\Code\sphere_vehicle.cpp">
      <Filter>Factolier\Entity\Sphere_Vehicle</Filter>
    </ClCompile>
    <ClCompile Include="Factolier\Code\sv_ball.cpp">
      <Filter>Factolier\Entity\Sphere_Vehicle</Filter>
    </ClCompile>
    <ClCompile Include="Factolier\Code\phong_shader.cpp">
      <Filter>Factolier\Shader</Filter>
    </ClCompile>
    <ClCompile Include="Factolier\Code\model_resource.cpp">
      <Filter>Factolier\Graphic</Filter>
    </ClCompile>
    <ClCompile Include="Factolier\Code\enemy.cpp">
      <Filter>Factolier\Entity\Enemy</Filter>
    </ClCompile>
    <ClCompile Include="Factolier\Code\scene_game.cpp">
      <Filter>Factolier\Scene</Filter>
    </ClCompile>
    <ClCompile Include="Factolier\Code\entity_manager.cpp">
      <Filter>Factolier\Entity\Manager</Filter>
    </ClCompile>
    <ClCompile Include="Factolier\Code\enemy_spawner.cpp">
      <Filter>Factolier\Entity\Manager</Filter>
    </ClCompile>
    <ClCompile Include="Factolier\Code\shadow_map.cpp">
      <Filter>Factolier\Shader</Filter>
    </ClCompile>
    <ClCompile Include="Factolier\Code\enemy_none.cpp">
      <Filter>Factolier\Entity\Enemy</Filter>
    </ClCompile>
    <ClCompile Include="Factolier\Code\stage_manager.cpp">
      <Filter>Factolier\Stage</Filter>
    </ClCompile>
    <ClCompile Include="Factolier\Code\stage.cpp">
      <Filter>Factolier\Stage</Filter>
    </ClCompile>
    <ClCompile Include="Factolier\Code\stage_1.cpp">
      <Filter>Factolier\Stage\stage_1</Filter>
    </ClCompile>
    <ClCompile Include="Factolier\Code\stage_2.cpp">
      <Filter>Factolier\Stage\stage_2</Filter>
    </ClCompile>
    <ClCompile Include="Factolier\Code\stage_1_movement.cpp">
      <Filter>Factolier\Stage\stage_1</Filter>
    </ClCompile>
    <ClCompile Include="Factolier\Code\collision_manager.cpp">
      <Filter>Factolier\Entity\Manager</Filter>
    </ClCompile>
    <ClCompile Include="Factolier\Code\sphere_status.cpp">
      <Filter>Factolier\Entity\Status</Filter>
    </ClCompile>
    <ClCompile Include="Factolier\Code\easing.cpp">
      <Filter>Factolier\Utility</Filter>
    </ClCompile>
    <ClCompile Include="Factolier\Code\timer.cpp">
      <Filter>Factolier\Utility</Filter>
    </ClCompile>
    <ClCompile Include="Factolier\Code\scene_select.cpp">
      <Filter>Factolier\Scene</Filter>
    </ClCompile>
    <ClCompile Include="Factolier\Code\scene_title_game.cpp">
      <Filter>Factolier\Scene</Filter>
    </ClCompile>
    <ClCompile Include="Factolier\Code\binary_loader.cpp">
      <Filter>Factolier\Utility</Filter>
    </ClCompile>
    <ClCompile Include="Factolier\Code\camera.cpp">
      <Filter>Factolier\Accessibility\Camera</Filter>
    </ClCompile>
    <ClCompile Include="Factolier\Code\camera_controller.cpp">
      <Filter>Factolier\Accessibility\Camera</Filter>
    </ClCompile>
    <ClCompile Include="Factolier\Code\effect.cpp">
      <Filter>Factolier\Accessibility\Effect</Filter>
    </ClCompile>
    <ClCompile Include="Factolier\Code\effect_manager.cpp">
      <Filter>Factolier\Accessibility\Effect</Filter>
    </ClCompile>
    <ClCompile Include="Factolier\Code\input_manager.cpp">
      <Filter>Factolier\Accessibility\Input</Filter>
    </ClCompile>
    <ClCompile Include="Factolier\Code\light_manager.cpp">
      <Filter>Factolier\Accessibility\Light</Filter>
    </ClCompile>
    <ClCompile Include="Factolier\Code\sound_manager.cpp">
      <Filter>Factolier\Accessibility\Sound</Filter>
    </ClCompile>
    <ClCompile Include="Factolier\Code\model_manager.cpp">
      <Filter>Factolier\Accessibility\Model</Filter>
    </ClCompile>
    <ClCompile Include="Factolier\Code\model.cpp">
      <Filter>Factolier\Accessibility\Model</Filter>
    </ClCompile>
    <ClCompile Include="Factolier\Code\scene_manager.cpp">
      <Filter>Factolier\Accessibility\Scene</Filter>
    </ClCompile>
    <ClCompile Include="Factolier\Code\shader_manager.cpp">
      <Filter>Factolier\Accessibility\Shader</Filter>
    </ClCompile>
    <ClCompile Include="Factolier\Code\shader.cpp">
      <Filter>Factolier\Accessibility\Shader</Filter>
    </ClCompile>
    <ClCompile Include="Factolier\Code\state_manager.cpp">
      <Filter>Factolier\Accessibility\State</Filter>
    </ClCompile>
    <ClCompile Include="Factolier\Code\option_manager.cpp">
      <Filter>Factolier\Utility</Filter>
    </ClCompile>
    <ClCompile Include="Factolier\Code\decotator_supporter.cpp">
      <Filter>Factolier\Stage\Decorator</Filter>
    </ClCompile>
    <ClCompile Include="Factolier\Code\stage_spawner.cpp">
      <Filter>Factolier\Stage</Filter>
    </ClCompile>
    <ClCompile Include="Factolier\Code\enemy_move_closer.cpp">
      <Filter>Factolier\Entity\Enemy\test</Filter>
    </ClCompile>
    <ClCompile Include="Factolier\Code\enemy_move_closer_.cpp">
      <Filter>Factolier\Entity\Enemy\Eneies\Weak</Filter>
    </ClCompile>
    <ClCompile Include="Factolier\Code\boss.cpp">
      <Filter>Factolier\Entity\Enemy\Eneies\Boss</Filter>
    </ClCompile>
    <ClCompile Include="Factolier\Code\boss_body_1.cpp">
      <Filter>Factolier\Entity\Enemy\Eneies\Boss</Filter>
    </ClCompile>
    <ClCompile Include="Factolier\Code\boss_body_2.cpp">
      <Filter>Factolier\Entity\Enemy\Eneies\Boss</Filter>
    </ClCompile>
    <ClCompile Include="Factolier\Code\boss_body_3.cpp">
      <Filter>Factolier\Entity\Enemy\Eneies\Boss</Filter>
    </ClCompile>
    <ClCompile Include="Factolier\Code\boss_body.cpp">
      <Filter>Factolier\Entity\Enemy\Eneies\Boss</Filter>
    </ClCompile>
    <ClCompile Include="Factolier\Code\goal_judge.cpp">
      <Filter>Factolier\GameSystem</Filter>
    </ClCompile>
    <ClCompile Include="Factolier\Code\clear_judge.cpp">
      <Filter>Factolier\GameSystem</Filter>
    </ClCompile>
    <ClCompile Include="Factolier\Code\collide_detection_entity.cpp">
      <Filter>Factolier\Entity</Filter>
    </ClCompile>
    <ClCompile Include="Factolier\Code\stage_2_movement.cpp">
      <Filter>Factolier\Stage\stage_2</Filter>
    </ClCompile>
    <ClCompile Include="Factolier\Code\stage_4.cpp">
      <Filter>Factolier\Stage\stage_4</Filter>
    </ClCompile>
    <ClCompile Include="Factolier\Code\stage_3.cpp">
      <Filter>Factolier\Stage\stage_3</Filter>
    </ClCompile>
    <ClCompile Include="Factolier\Code\stage_boss.cpp">
      <Filter>Factolier\Stage\stage_boss</Filter>
    </ClCompile>
    <ClCompile Include="Factolier\Code\stage_1_obj.cpp">
      <Filter>Factolier\Stage\stage_1</Filter>
    </ClCompile>
    <ClCompile Include="Factolier\Code\stage_2_obj.cpp">
      <Filter>Factolier\Stage\stage_2</Filter>
    </ClCompile>
    <ClCompile Include="Factolier\Code\stage_3_move.cpp">
      <Filter>Factolier\Stage\stage_3</Filter>
    </ClCompile>
    <ClCompile Include="Factolier\Code\stage_3_movement.cpp">
      <Filter>Factolier\Stage\stage_3</Filter>
    </ClCompile>
    <ClCompile Include="Factolier\Code\stage_4_movement.cpp">
      <Filter>Factolier\Stage\stage_4</Filter>
    </ClCompile>
    <ClCompile Include="Factolier\Code\stage_4_obj.cpp">
      <Filter>Factolier\Stage\stage_4</Filter>
    </ClCompile>
    <ClCompile Include="Factolier\Code\stage_3_obj.cpp">
      <Filter>Factolier\Stage\stage_3</Filter>
    </ClCompile>
    <ClCompile Include="Factolier\Code\enemy_spring.cpp">
      <Filter>Factolier\Entity\Enemy\Eneies\Weak</Filter>
    </ClCompile>
    <ClCompile Include="Factolier\Code\enemy_summer.cpp">
      <Filter>Factolier\Entity\Enemy\Eneies\Weak</Filter>
    </ClCompile>
    <ClCompile Include="Factolier\Code\enemy_fall.cpp">
      <Filter>Factolier\Entity\Enemy\Eneies\Weak</Filter>
    </ClCompile>
    <ClCompile Include="Factolier\Code\enemy_winter.cpp">
      <Filter>Factolier\Entity\Enemy\Eneies\Weak</Filter>
    </ClCompile>
  </ItemGroup>
  <ItemGroup>
    <ClInclude Include="Factolier\Code\scene_loading.h">
      <Filter>Factolier\Scene</Filter>
    </ClInclude>
    <ClInclude Include="Factolier\Code\framework.h">
      <Filter>Factolier\Admin</Filter>
    </ClInclude>
    <ClInclude Include="Factolier\Code\high_resolution_timer.h">
      <Filter>Factolier\Admin</Filter>
    </ClInclude>
    <ClInclude Include="Factolier\Code\misc.h">
      <Filter>Factolier\Admin</Filter>
    </ClInclude>
    <ClInclude Include="Factolier\Code\sprite.h">
      <Filter>Factolier\Graphic</Filter>
    </ClInclude>
    <ClInclude Include="Factolier\Code\sprite_batch.h">
      <Filter>Factolier\Graphic</Filter>
    </ClInclude>
    <ClInclude Include="Factolier\Code\static_mesh.h">
      <Filter>Factolier\Graphic</Filter>
    </ClInclude>
    <ClInclude Include="Factolier\Code\skinned_shader.h">
      <Filter>Factolier\Shader</Filter>
    </ClInclude>
    <ClInclude Include="Factolier\Code\geometric_primitive.h">
      <Filter>Factolier\Graphic</Filter>
    </ClInclude>
    <ClInclude Include="Factolier\Code\scene_title.h">
      <Filter>Factolier\Scene</Filter>
    </ClInclude>
    <ClInclude Include="Factolier\Code\sky_box.h">
      <Filter>Factolier\Graphic</Filter>
    </ClInclude>
    <ClInclude Include="External\imgui\imgui.h">
      <Filter>External\imgui</Filter>
    </ClInclude>
    <ClInclude Include="External\imgui\imgui_impl_dx11.h">
      <Filter>External\imgui</Filter>
    </ClInclude>
    <ClInclude Include="External\imgui\imgui_impl_win32.h">
      <Filter>External\imgui</Filter>
    </ClInclude>
    <ClInclude Include="External\imgui\imgui_internal.h">
      <Filter>External\imgui</Filter>
    </ClInclude>
    <ClInclude Include="External\imgui\imstb_rectpack.h">
      <Filter>External\imgui</Filter>
    </ClInclude>
    <ClInclude Include="External\imgui\imstb_textedit.h">
      <Filter>External\imgui</Filter>
    </ClInclude>
    <ClInclude Include="External\imgui\imstb_truetype.h">
      <Filter>External\imgui</Filter>
    </ClInclude>
    <ClInclude Include="External\imgui\imconfig.h">
      <Filter>External\imgui</Filter>
    </ClInclude>
    <ClInclude Include="Factolier\Code\sky_shader.h">
      <Filter>Factolier\Shader</Filter>
    </ClInclude>
    <ClInclude Include="Factolier\Code\texture.h">
      <Filter>Factolier\Graphic</Filter>
    </ClInclude>
    <ClInclude Include="Factolier\Code\position.h">
      <Filter>Factolier\Entity\Status</Filter>
    </ClInclude>
    <ClInclude Include="Factolier\Code\rotate.h">
      <Filter>Factolier\Entity\Status</Filter>
    </ClInclude>
    <ClInclude Include="Factolier\Code\scale.h">
      <Filter>Factolier\Entity\Status</Filter>
    </ClInclude>
    <ClInclude Include="Factolier\Code\transform.h">
      <Filter>Factolier\Entity\Status</Filter>
    </ClInclude>
    <ClInclude Include="Factolier\Code\math_xmfloat.h">
      <Filter>Factolier\Utility</Filter>
    </ClInclude>
    <ClInclude Include="Factolier\Code\entity.h">
      <Filter>Factolier\Entity</Filter>
    </ClInclude>
    <ClInclude Include="Factolier\Code\player.h">
      <Filter>Factolier\Entity</Filter>
    </ClInclude>
    <ClInclude Include="Factolier\Code\velocity.h">
      <Filter>Factolier\Entity\Status</Filter>
    </ClInclude>
    <ClInclude Include="Factolier\Code\ocean_shader.h">
      <Filter>Factolier\Shader</Filter>
    </ClInclude>
    <ClInclude Include="Factolier\Code\sphere_vehicle.h">
      <Filter>Factolier\Entity\Sphere_Vehicle</Filter>
    </ClInclude>
    <ClInclude Include="Factolier\Code\sv_ball.h">
      <Filter>Factolier\Entity\Sphere_Vehicle</Filter>
    </ClInclude>
    <ClInclude Include="Factolier\Code\phong_shader.h">
      <Filter>Factolier\Shader</Filter>
    </ClInclude>
    <ClInclude Include="Factolier\Code\utility.h">
      <Filter>Factolier\Utility</Filter>
    </ClInclude>
    <ClInclude Include="Factolier\Code\model_resource.h">
      <Filter>Factolier\Graphic</Filter>
    </ClInclude>
    <ClInclude Include="Factolier\Code\enemy.h">
      <Filter>Factolier\Entity\Enemy</Filter>
    </ClInclude>
    <ClInclude Include="Factolier\Code\ability.h">
      <Filter>Factolier\Entity\Status</Filter>
    </ClInclude>
    <ClInclude Include="Factolier\Code\scene_game.h">
      <Filter>Factolier\Scene</Filter>
    </ClInclude>
    <ClInclude Include="Factolier\Code\entity_manager.h">
      <Filter>Factolier\Entity\Manager</Filter>
    </ClInclude>
    <ClInclude Include="Factolier\Code\enemy_spawner.h">
      <Filter>Factolier\Entity\Manager</Filter>
    </ClInclude>
    <ClInclude Include="Factolier\Code\shadow_map.h">
      <Filter>Factolier\Shader</Filter>
    </ClInclude>
    <ClInclude Include="Factolier\Code\enemy_none.h">
      <Filter>Factolier\Entity\Enemy</Filter>
    </ClInclude>
    <ClInclude Include="Factolier\Code\stage.h">
      <Filter>Factolier\Stage</Filter>
    </ClInclude>
    <ClInclude Include="Factolier\Code\stage_manager.h">
      <Filter>Factolier\Stage</Filter>
    </ClInclude>
    <ClInclude Include="Factolier\Code\stage_1.h">
      <Filter>Factolier\Stage\stage_1</Filter>
    </ClInclude>
    <ClInclude Include="Factolier\Code\stage_2.h">
      <Filter>Factolier\Stage\stage_2</Filter>
    </ClInclude>
    <ClInclude Include="Factolier\Code\stage_1_movement.h">
      <Filter>Factolier\Stage\stage_1</Filter>
    </ClInclude>
    <ClInclude Include="Factolier\Code\collision_manager.h">
      <Filter>Factolier\Entity\Manager</Filter>
    </ClInclude>
    <ClInclude Include="Factolier\Code\sphere_status.h">
      <Filter>Factolier\Entity\Status</Filter>
    </ClInclude>
    <ClInclude Include="Factolier\Code\digits.h">
      <Filter>Factolier\Utility</Filter>
    </ClInclude>
    <ClInclude Include="Factolier\Code\easing.h">
      <Filter>Factolier\Utility</Filter>
    </ClInclude>
    <ClInclude Include="Factolier\Code\timer.h">
      <Filter>Factolier\Utility</Filter>
    </ClInclude>
    <ClInclude Include="Factolier\Code\scene_select.h">
      <Filter>Factolier\Scene</Filter>
    </ClInclude>
    <ClInclude Include="Factolier\Code\model_filepaths.h">
      <Filter>Factolier\Utility</Filter>
    </ClInclude>
    <ClInclude Include="Factolier\Code\sprite_filepaths.h">
      <Filter>Factolier\Utility</Filter>
    </ClInclude>
    <ClInclude Include="Factolier\Code\base_move_phase.h">
      <Filter>Factolier\Entity\Enemy\Move_Phase</Filter>
    </ClInclude>
    <ClInclude Include="Factolier\Code\area_mover.h">
      <Filter>Factolier\Entity\Enemy\Moves</Filter>
    </ClInclude>
    <ClInclude Include="Factolier\Code\base_move.h">
      <Filter>Factolier\Entity\Enemy\Move_Phase</Filter>
    </ClInclude>
    <ClInclude Include="Factolier\Code\target_mover.h">
      <Filter>Factolier\Entity\Enemy\Moves</Filter>
    </ClInclude>
    <ClInclude Include="Factolier\Code\scene_title_game.h">
      <Filter>Factolier\Scene</Filter>
    </ClInclude>
    <ClInclude Include="Factolier\Code\binary_loader.h">
      <Filter>Factolier\Utility</Filter>
    </ClInclude>
    <ClInclude Include="Factolier\Code\camera.h">
      <Filter>Factolier\Accessibility\Camera</Filter>
    </ClInclude>
    <ClInclude Include="Factolier\Code\camera_controller.h">
      <Filter>Factolier\Accessibility\Camera</Filter>
    </ClInclude>
    <ClInclude Include="Factolier\Code\effect.h">
      <Filter>Factolier\Accessibility\Effect</Filter>
    </ClInclude>
    <ClInclude Include="Factolier\Code\effect_manager.h">
      <Filter>Factolier\Accessibility\Effect</Filter>
    </ClInclude>
    <ClInclude Include="Factolier\Code\input_manager.h">
      <Filter>Factolier\Accessibility\Input</Filter>
    </ClInclude>
    <ClInclude Include="Factolier\Code\light.h">
      <Filter>Factolier\Accessibility\Light</Filter>
    </ClInclude>
    <ClInclude Include="Factolier\Code\light_manager.h">
      <Filter>Factolier\Accessibility\Light</Filter>
    </ClInclude>
    <ClInclude Include="Factolier\Code\sound.h">
      <Filter>Factolier\Accessibility\Sound</Filter>
    </ClInclude>
    <ClInclude Include="Factolier\Code\sound_manager.h">
      <Filter>Factolier\Accessibility\Sound</Filter>
    </ClInclude>
    <ClInclude Include="Factolier\Code\model_manager.h">
      <Filter>Factolier\Accessibility\Model</Filter>
    </ClInclude>
    <ClInclude Include="Factolier\Code\model.h">
      <Filter>Factolier\Accessibility\Model</Filter>
    </ClInclude>
    <ClInclude Include="Factolier\Code\scene_manager.h">
      <Filter>Factolier\Accessibility\Scene</Filter>
    </ClInclude>
    <ClInclude Include="Factolier\Code\scene.h">
      <Filter>Factolier\Accessibility\Scene</Filter>
    </ClInclude>
    <ClInclude Include="Factolier\Code\shader_manager.h">
      <Filter>Factolier\Accessibility\Shader</Filter>
    </ClInclude>
    <ClInclude Include="Factolier\Code\shader.h">
      <Filter>Factolier\Accessibility\Shader</Filter>
    </ClInclude>
    <ClInclude Include="Factolier\Code\state_manager.h">
      <Filter>Factolier\Accessibility\State</Filter>
    </ClInclude>
    <ClInclude Include="Factolier\Code\collision.h">
      <Filter>Factolier\Accessibility\Collision</Filter>
    </ClInclude>
    <ClInclude Include="Factolier\Code\option_manager.h">
      <Filter>Factolier\Utility</Filter>
    </ClInclude>
    <ClInclude Include="Factolier\Code\decotator_supporter.h">
      <Filter>Factolier\Stage\Decorator</Filter>
    </ClInclude>
    <ClInclude Include="Factolier\Code\stage_spawner.h">
      <Filter>Factolier\Stage</Filter>
    </ClInclude>
    <ClInclude Include="Factolier\Code\enemy_move_closer.h">
      <Filter>Factolier\Entity\Enemy\test</Filter>
    </ClInclude>
    <ClInclude Include="Factolier\Code\enemy_move_closer_.h">
      <Filter>Factolier\Entity\Enemy\Eneies\Weak</Filter>
    </ClInclude>
    <ClInclude Include="Factolier\Code\boss.h">
      <Filter>Factolier\Entity\Enemy\Eneies\Boss</Filter>
    </ClInclude>
    <ClInclude Include="Factolier\Code\idle.h">
      <Filter>Factolier\Entity\Enemy\Moves</Filter>
    </ClInclude>
    <ClInclude Include="Factolier\Code\boss_body_1.h">
      <Filter>Factolier\Entity\Enemy\Eneies\Boss</Filter>
    </ClInclude>
    <ClInclude Include="Factolier\Code\boss_body_2.h">
      <Filter>Factolier\Entity\Enemy\Eneies\Boss</Filter>
    </ClInclude>
    <ClInclude Include="Factolier\Code\boss_body_3.h">
      <Filter>Factolier\Entity\Enemy\Eneies\Boss</Filter>
    </ClInclude>
    <ClInclude Include="Factolier\Code\boss_body.h">
      <Filter>Factolier\Entity\Enemy\Eneies\Boss</Filter>
    </ClInclude>
    <ClInclude Include="Factolier\Code\goal_judge.h">
      <Filter>Factolier\GameSystem</Filter>
    </ClInclude>
    <ClInclude Include="Factolier\Code\clear_judge.h">
      <Filter>Factolier\GameSystem</Filter>
    </ClInclude>
    <ClInclude Include="Factolier\Code\collide_detection_entity.h">
      <Filter>Factolier\Entity</Filter>
    </ClInclude>
    <ClInclude Include="Factolier\Code\stage_2_movement.h">
      <Filter>Factolier\Stage\stage_2</Filter>
    </ClInclude>
    <ClInclude Include="Factolier\Code\stage_4.h">
      <Filter>Factolier\Stage\stage_4</Filter>
    </ClInclude>
    <ClInclude Include="Factolier\Code\stage_3.h">
      <Filter>Factolier\Stage\stage_3</Filter>
    </ClInclude>
    <ClInclude Include="Factolier\Code\stage_boss.h">
      <Filter>Factolier\Stage\stage_boss</Filter>
    </ClInclude>
    <ClInclude Include="Factolier\Code\stage_1_obj.h">
      <Filter>Factolier\Stage\stage_1</Filter>
    </ClInclude>
    <ClInclude Include="Factolier\Code\stage_2_obj.h">
      <Filter>Factolier\Stage\stage_2</Filter>
    </ClInclude>
    <ClInclude Include="Factolier\Code\stage_3_move.h">
      <Filter>Factolier\Stage\stage_3</Filter>
    </ClInclude>
    <ClInclude Include="Factolier\Code\stage_3_movement.h">
      <Filter>Factolier\Stage\stage_3</Filter>
    </ClInclude>
    <ClInclude Include="Factolier\Code\stage_4_movement.h">
      <Filter>Factolier\Stage\stage_4</Filter>
    </ClInclude>
    <ClInclude Include="Factolier\Code\stage_3_obj.h">
      <Filter>Factolier\Stage\stage_3</Filter>
    </ClInclude>
    <ClInclude Include="Factolier\Code\stage_4_obj.h">
      <Filter>Factolier\Stage\stage_4</Filter>
    </ClInclude>
    <ClInclude Include="Factolier\Code\enemy_spring.h">
      <Filter>Factolier\Entity\Enemy\Eneies\Weak</Filter>
    </ClInclude>
    <ClInclude Include="Factolier\Code\enemy_summer.h">
      <Filter>Factolier\Entity\Enemy\Eneies\Weak</Filter>
    </ClInclude>
    <ClInclude Include="Factolier\Code\enemy_fall.h">
      <Filter>Factolier\Entity\Enemy\Eneies\Weak</Filter>
    </ClInclude>
    <ClInclude Include="Factolier\Code\enemy_winter.h">
      <Filter>Factolier\Entity\Enemy\Eneies\Weak</Filter>
    </ClInclude>
  </ItemGroup>
  <ItemGroup>
    <FxCompile Include="Factolier\Shader\skinned_mesh_ps.hlsl">
      <Filter>Factolier\HLSL</Filter>
    </FxCompile>
    <FxCompile Include="Factolier\Shader\pbr_ps.hlsl">
      <Filter>Factolier\HLSL</Filter>
    </FxCompile>
    <FxCompile Include="Factolier\Shader\default_vs.hlsl">
      <Filter>Factolier\HLSL</Filter>
    </FxCompile>
    <FxCompile Include="Factolier\Shader\phong_ps.hlsl">
      <Filter>Factolier\HLSL</Filter>
    </FxCompile>
    <FxCompile Include="Factolier\Shader\blur_ps.hlsl">
      <Filter>Factolier\HLSL\Post_Effect</Filter>
    </FxCompile>
    <FxCompile Include="Factolier\Shader\fullscreen_quad_ps.hlsl">
      <Filter>Factolier\HLSL\Post_Effect</Filter>
    </FxCompile>
    <FxCompile Include="Factolier\Shader\fullscreen_quad_vs.hlsl">
      <Filter>Factolier\HLSL\Post_Effect</Filter>
    </FxCompile>
    <FxCompile Include="Factolier\Shader\luminance_extraction_ps.hlsl">
      <Filter>Factolier\HLSL\Post_Effect</Filter>
    </FxCompile>
    <FxCompile Include="Factolier\Shader\ocean_ps.hlsl">
      <Filter>Factolier\HLSL\Group</Filter>
    </FxCompile>
    <FxCompile Include="Factolier\Shader\ocean_vs.hlsl">
      <Filter>Factolier\HLSL\Group</Filter>
    </FxCompile>
    <FxCompile Include="Factolier\Shader\sky_box_ps.hlsl">
      <Filter>Factolier\HLSL\Group</Filter>
    </FxCompile>
    <FxCompile Include="Factolier\Shader\sky_box_vs.hlsl">
      <Filter>Factolier\HLSL\Group</Filter>
    </FxCompile>
    <FxCompile Include="Factolier\Shader\sprite_ps.hlsl">
      <Filter>Factolier\HLSL\Group</Filter>
    </FxCompile>
    <FxCompile Include="Factolier\Shader\sprite_vs.hlsl">
      <Filter>Factolier\HLSL\Group</Filter>
    </FxCompile>
    <FxCompile Include="Factolier\Shader\geometric_primitive_ps.hlsl">
      <Filter>Factolier\HLSL\Group</Filter>
    </FxCompile>
    <FxCompile Include="Factolier\Shader\geometric_primitive_vs.hlsl">
      <Filter>Factolier\HLSL\Group</Filter>
    </FxCompile>
    <FxCompile Include="Factolier\Shader\static_mesh_ps.hlsl">
      <Filter>Factolier\HLSL\Group</Filter>
    </FxCompile>
    <FxCompile Include="Factolier\Shader\static_mesh_vs.hlsl">
      <Filter>Factolier\HLSL\Group</Filter>
    </FxCompile>
    <FxCompile Include="Factolier\Shader\shadow_map_ps.hlsl">
      <Filter>Factolier\HLSL\Post_Effect</Filter>
    </FxCompile>
    <FxCompile Include="Factolier\Shader\shadow_map_vs.hlsl">
      <Filter>Factolier\HLSL\Post_Effect</Filter>
    </FxCompile>
  </ItemGroup>
  <ItemGroup>
    <None Include="Factolier\Shader\shading_function.hlsli">
      <Filter>Factolier\HLSL</Filter>
    </None>
    <None Include="Factolier\Shader\default.hlsli">
      <Filter>Factolier\HLSL</Filter>
    </None>
    <None Include="Factolier\Shader\fullscreen_quad.hlsli">
      <Filter>Factolier\HLSL\Post_Effect</Filter>
    </None>
    <None Include="Factolier\Shader\ocean.hlsli">
      <Filter>Factolier\HLSL\Group</Filter>
    </None>
    <None Include="Factolier\Shader\sky_box.hlsli">
      <Filter>Factolier\HLSL\Group</Filter>
    </None>
    <None Include="Factolier\Shader\sprite.hlsli">
      <Filter>Factolier\HLSL\Group</Filter>
    </None>
    <None Include="Factolier\Shader\geometric_primitive.hlsli">
      <Filter>Factolier\HLSL\Group</Filter>
    </None>
    <None Include="Factolier\Shader\static_mesh.hlsli">
      <Filter>Factolier\HLSL\Group</Filter>
    </None>
    <None Include="Factolier\Shader\shadow_map.hlsli">
      <Filter>Factolier\HLSL\Post_Effect</Filter>
    </None>
  </ItemGroup>
</Project>